{
  "lib/forge-std": {
    "rev": "74cfb77e308dd188d2f58864aaf44963ae6b88b1"
  },
  "lib/openzeppelin-contracts": {
    "branch": {
      "name": "release-v4.8",
      "rev": "49c0e4370d0cc50ea6090709e3835a3091e33ee2"
    }
  },
  "lib/openzeppelin-contracts-upgradeable": {
    "rev": "bc95521e34dcd49792065e264a7ad2b5a86f0091"
  }
}